Microsoft Visual Studio Solution File, Format Version 11.00
# Visual Studio 2008

Project("{2CB9C8DE-2ABB-C0B7-01BA-CA570CDBA130}") = "FMan", "Assembly-CSharp.csproj", "{B51E90D4-07C2-F05A-B786-DA07853BF958}"
EndProject
Global
	GlobalSection(SolutionConfigurationPlatforms) = preSolution
		Debug|Any CPU = Debug|Any CPU
		Release|Any CPU = Release|Any CPU
	EndGlobalSection
	GlobalSection(ProjectConfigurationPlatforms) = postSolution
		{B51E90D4-07C2-F05A-B786-DA07853BF958}.Debug|Any CPU.ActiveCfg = Debug|Any CPU
		{B51E90D4-07C2-F05A-B786-DA07853BF958}.Debug|Any CPU.Build.0 = Debug|Any CPU
		{B51E90D4-07C2-F05A-B786-DA07853BF958}.Release|Any CPU.ActiveCfg = Release|Any CPU
		{B51E90D4-07C2-F05A-B786-DA07853BF958}.Release|Any CPU.Build.0 = Release|Any CPU
	EndGlobalSection
	GlobalSection(SolutionProperties) = preSolution
		HideSolutionNode = FALSE
	EndGlobalSection
																							GlobalSection(MonoDevelopProperties) = preSolution
		StartupItem = Assembly-CSharp.csproj
		Policies = $0
		$0.TextStylePolicy = $1
		$1.inheritsSet = null
		$1.scope = text/x-csharp
		$0.CSharpFormattingPolicy = $2
		$2.inheritsSet = Mono
		$2.inheritsScope = text/x-csharp
		$2.scope = text/x-csharp
		$0.TextStylePolicy = $3
		$3.FileWidth = 120
		$3.TabWidth = 4
		$3.EolMarker = Unix
		$3.inheritsSet = Mono
		$3.inheritsScope = text/plain
		$3.scope = text/plain
	EndGlobalSection

EndGlobal
